
Microsoft Visual Studio Solution File, Format Version 12.00
# Visual Studio Version 16
VisualStudioVersion = 16.0.30114.105
MinimumVisualStudioVersion = 10.0.40219.1
Project("{FAE04EC0-301F-11D3-BF4B-00C04F79EFBC}") = "NpcDemo", "NpcDemo\NpcDemo.csproj", "{AD643BEC-1D16-4FC0-B1EF-09E1498BD2F1}"
EndProject
Global
	GlobalSection(SolutionConfigurationPlatforms) = preSolution
		Debug|Any CPU = Debug|Any CPU
		Release|Any CPU = Release|Any CPU
	EndGlobalSection
	GlobalSection(ProjectConfigurationPlatforms) = postSolution
		{AD643BEC-1D16-4FC0-B1EF-09E1498BD2F1}.Debug|Any CPU.ActiveCfg = Debug|Any CPU
		{AD643BEC-1D16-4FC0-B1EF-09E1498BD2F1}.Debug|Any CPU.Build.0 = Debug|Any CPU
		{AD643BEC-1D16-4FC0-B1EF-09E1498BD2F1}.Release|Any CPU.ActiveCfg = Release|Any CPU
		{AD643BEC-1D16-4FC0-B1EF-09E1498BD2F1}.Release|Any CPU.Build.0 = Release|Any CPU
	EndGlobalSection
	GlobalSection(SolutionProperties) = preSolution
		HideSolutionNode = FALSE
	EndGlobalSection
	GlobalSection(ExtensibilityGlobals) = postSolution
		SolutionGuid = {57EFFAB6-264D-4B41-8F94-31898A4A91C4}
	EndGlobalSection
EndGlobal
